{
  "version": 4,
  "terraform_version": "1.8.2",
  "serial": 89,
  "lineage": "b5e99f10-396f-b816-6300-64ff396980d3",
  "outputs": {},
  "resources": [
    {
      "module": "module.createvmafs[\"azpoe-afs-vm\"]",
      "mode": "data",
      "type": "azurerm_resource_group",
      "name": "rg",
      "provider": "provider[\"registry.terraform.io/hashicorp/azurerm\"]",
      "instances": [
        {
          "schema_version": 0,
          "attributes": {
            "id": "/subscriptions/b437f37b-b750-489e-bc55-43044286f6e1/resourceGroups/afs-resize-terraform",
            "location": "eastus",
            "name": "afs-resize-terraform",
            "tags": {},
            "timeouts": null
          },
          "sensitive_attributes": []
        }
      ]
    },
    {
      "module": "module.createvmafs[\"azpoe-afs-vm\"]",
      "mode": "managed",
      "type": "azurerm_network_interface",
      "name": "nic",
      "provider": "provider[\"registry.terraform.io/hashicorp/azurerm\"]",
      "instances": [
        {
          "schema_version": 0,
          "attributes": {
            "applied_dns_servers": [],
            "dns_servers": [],
            "edge_zone": "",
            "enable_accelerated_networking": false,
            "enable_ip_forwarding": false,
            "id": "/subscriptions/b437f37b-b750-489e-bc55-43044286f6e1/resourceGroups/afs-resize-terraform/providers/Microsoft.Network/networkInterfaces/azpoe-afs-nic-nic",
            "internal_dns_name_label": "",
            "internal_domain_name_suffix": "unywvfrptnrurksq5ufshmvbrd.bx.internal.cloudapp.net",
            "ip_configuration": [
              {
                "gateway_load_balancer_frontend_ip_configuration_id": "",
                "name": "azpoe-afs-nic-nic-config",
                "primary": true,
                "private_ip_address": "10.0.1.4",
                "private_ip_address_allocation": "Dynamic",
                "private_ip_address_version": "IPv4",
                "public_ip_address_id": "/subscriptions/b437f37b-b750-489e-bc55-43044286f6e1/resourceGroups/afs-resize-terraform/providers/Microsoft.Network/publicIPAddresses/azpoe-afs-pip",
                "subnet_id": "/subscriptions/b437f37b-b750-489e-bc55-43044286f6e1/resourceGroups/afs-resize-terraform/providers/Microsoft.Network/virtualNetworks/azpoe-afs-vnet-vnet/subnets/azpoe-afs-subnet-subnet"
              }
            ],
            "location": "eastus",
            "mac_address": "",
            "name": "azpoe-afs-nic-nic",
            "private_ip_address": "10.0.1.4",
            "private_ip_addresses": [
              "10.0.1.4"
            ],
            "resource_group_name": "afs-resize-terraform",
            "tags": null,
            "timeouts": null,
            "virtual_machine_id": ""
          },
          "sensitive_attributes": [],
          "private": "eyJlMmJmYjczMC1lY2FhLTExZTYtOGY4OC0zNDM2M2JjN2M0YzAiOnsiY3JlYXRlIjoxODAwMDAwMDAwMDAwLCJkZWxldGUiOjE4MDAwMDAwMDAwMDAsInJlYWQiOjMwMDAwMDAwMDAwMCwidXBkYXRlIjoxODAwMDAwMDAwMDAwfX0=",
          "dependencies": [
            "module.createvmafs.azurerm_public_ip.public_ip",
            "module.createvmafs.azurerm_subnet.subnet",
            "module.createvmafs.azurerm_virtual_network.vnet",
            "module.createvmafs.data.azurerm_resource_group.rg"
          ]
        }
      ]
    },
    {
      "module": "module.createvmafs[\"azpoe-afs-vm\"]",
      "mode": "managed",
      "type": "azurerm_network_interface_security_group_association",
      "name": "main",
      "provider": "provider[\"registry.terraform.io/hashicorp/azurerm\"]",
      "instances": [
        {
          "schema_version": 0,
          "attributes": {
            "id": "/subscriptions/b437f37b-b750-489e-bc55-43044286f6e1/resourceGroups/afs-resize-terraform/providers/Microsoft.Network/networkInterfaces/azpoe-afs-nic-nic|/subscriptions/b437f37b-b750-489e-bc55-43044286f6e1/resourceGroups/afs-resize-terraform/providers/Microsoft.Network/networkSecurityGroups/azpoe-afs-nsg",
            "network_interface_id": "/subscriptions/b437f37b-b750-489e-bc55-43044286f6e1/resourceGroups/afs-resize-terraform/providers/Microsoft.Network/networkInterfaces/azpoe-afs-nic-nic",
            "network_security_group_id": "/subscriptions/b437f37b-b750-489e-bc55-43044286f6e1/resourceGroups/afs-resize-terraform/providers/Microsoft.Network/networkSecurityGroups/azpoe-afs-nsg",
            "timeouts": null
          },
          "sensitive_attributes": [],
          "private": "eyJlMmJmYjczMC1lY2FhLTExZTYtOGY4OC0zNDM2M2JjN2M0YzAiOnsiY3JlYXRlIjoxODAwMDAwMDAwMDAwLCJkZWxldGUiOjE4MDAwMDAwMDAwMDAsInJlYWQiOjMwMDAwMDAwMDAwMCwidXBkYXRlIjoxODAwMDAwMDAwMDAwfX0=",
          "dependencies": [
            "module.createvmafs.azurerm_network_interface.nic",
            "module.createvmafs.azurerm_network_security_group.nsg",
            "module.createvmafs.azurerm_public_ip.public_ip",
            "module.createvmafs.azurerm_subnet.subnet",
            "module.createvmafs.azurerm_virtual_network.vnet",
            "module.createvmafs.data.azurerm_resource_group.rg"
          ]
        }
      ]
    },
    {
      "module": "module.createvmafs[\"azpoe-afs-vm\"]",
      "mode": "managed",
      "type": "azurerm_network_security_group",
      "name": "nsg",
      "provider": "provider[\"registry.terraform.io/hashicorp/azurerm\"]",
      "instances": [
        {
          "schema_version": 0,
          "attributes": {
            "id": "/subscriptions/b437f37b-b750-489e-bc55-43044286f6e1/resourceGroups/afs-resize-terraform/providers/Microsoft.Network/networkSecurityGroups/azpoe-afs-nsg",
            "location": "eastus",
            "name": "azpoe-afs-nsg",
            "resource_group_name": "afs-resize-terraform",
            "security_rule": [
              {
                "access": "Allow",
                "description": "",
                "destination_address_prefix": "*",
                "destination_address_prefixes": [],
                "destination_application_security_group_ids": [],
                "destination_port_range": "3389",
                "destination_port_ranges": [],
                "direction": "Inbound",
                "name": "RDP",
                "priority": 300,
                "protocol": "Tcp",
                "source_address_prefix": "165.1.238.44",
                "source_address_prefixes": [],
                "source_application_security_group_ids": [],
                "source_port_range": "*",
                "source_port_ranges": []
              }
            ],
            "tags": null,
            "timeouts": null
          },
          "sensitive_attributes": [],
          "private": "eyJlMmJmYjczMC1lY2FhLTExZTYtOGY4OC0zNDM2M2JjN2M0YzAiOnsiY3JlYXRlIjoxODAwMDAwMDAwMDAwLCJkZWxldGUiOjE4MDAwMDAwMDAwMDAsInJlYWQiOjMwMDAwMDAwMDAwMCwidXBkYXRlIjoxODAwMDAwMDAwMDAwfX0=",
          "dependencies": [
            "module.createvmafs.data.azurerm_resource_group.rg"
          ]
        }
      ]
    },
    {
      "module": "module.createvmafs[\"azpoe-afs-vm\"]",
      "mode": "managed",
      "type": "azurerm_public_ip",
      "name": "public_ip",
      "provider": "provider[\"registry.terraform.io/hashicorp/azurerm\"]",
      "instances": [
        {
          "schema_version": 0,
          "attributes": {
            "allocation_method": "Static",
            "ddos_protection_mode": "VirtualNetworkInherited",
            "ddos_protection_plan_id": null,
            "domain_name_label": null,
            "edge_zone": "",
            "fqdn": null,
            "id": "/subscriptions/b437f37b-b750-489e-bc55-43044286f6e1/resourceGroups/afs-resize-terraform/providers/Microsoft.Network/publicIPAddresses/azpoe-afs-pip",
            "idle_timeout_in_minutes": 4,
            "ip_address": "172.210.35.99",
            "ip_tags": null,
            "ip_version": "IPv4",
            "location": "eastus",
            "name": "azpoe-afs-pip",
            "public_ip_prefix_id": null,
            "resource_group_name": "afs-resize-terraform",
            "reverse_fqdn": null,
            "sku": "Standard",
            "sku_tier": "Regional",
            "tags": null,
            "timeouts": null,
            "zones": [
              "1"
            ]
          },
          "sensitive_attributes": [],
          "private": "eyJlMmJmYjczMC1lY2FhLTExZTYtOGY4OC0zNDM2M2JjN2M0YzAiOnsiY3JlYXRlIjoxODAwMDAwMDAwMDAwLCJkZWxldGUiOjE4MDAwMDAwMDAwMDAsInJlYWQiOjMwMDAwMDAwMDAwMCwidXBkYXRlIjoxODAwMDAwMDAwMDAwfX0=",
          "dependencies": [
            "module.createvmafs.data.azurerm_resource_group.rg"
          ]
        }
      ]
    },
    {
      "module": "module.createvmafs[\"azpoe-afs-vm\"]",
      "mode": "managed",
      "type": "azurerm_role_assignment",
      "name": "role",
      "provider": "provider[\"registry.terraform.io/hashicorp/azurerm\"]",
      "instances": [
        {
          "index_key": 0,
          "schema_version": 0,
          "attributes": {
            "condition": "",
            "condition_version": "",
            "delegated_managed_identity_resource_id": "",
            "description": "",
            "id": "/subscriptions/b437f37b-b750-489e-bc55-43044286f6e1/resourceGroups/afs-resize-terraform/providers/Microsoft.Storage/storageAccounts/azpoeafsterraform/providers/Microsoft.Authorization/roleAssignments/5b53f6ad-3093-2bcc-d854-38bbfc64391b",
            "name": "5b53f6ad-3093-2bcc-d854-38bbfc64391b",
            "principal_id": "d2178c8a-1af0-4e5b-97ff-2815b15ddee0",
            "principal_type": "User",
            "role_definition_id": "/subscriptions/b437f37b-b750-489e-bc55-43044286f6e1/providers/Microsoft.Authorization/roleDefinitions/0c867c2a-1d8c-454a-a3db-ab2ea1bdc8bb",
            "role_definition_name": "Storage File Data SMB Share Contributor",
            "scope": "/subscriptions/b437f37b-b750-489e-bc55-43044286f6e1/resourceGroups/afs-resize-terraform/providers/Microsoft.Storage/storageAccounts/azpoeafsterraform",
            "skip_service_principal_aad_check": null,
            "timeouts": null
          },
          "sensitive_attributes": [],
          "private": "eyJlMmJmYjczMC1lY2FhLTExZTYtOGY4OC0zNDM2M2JjN2M0YzAiOnsiY3JlYXRlIjoxODAwMDAwMDAwMDAwLCJkZWxldGUiOjE4MDAwMDAwMDAwMDAsInJlYWQiOjMwMDAwMDAwMDAwMCwidXBkYXRlIjoxODAwMDAwMDAwMDAwfX0=",
          "dependencies": [
            "module.createvmafs.azurerm_storage_account.storage",
            "module.createvmafs.data.azurerm_resource_group.rg"
          ]
        }
      ]
    },
    {
      "module": "module.createvmafs[\"azpoe-afs-vm\"]",
      "mode": "managed",
      "type": "azurerm_storage_account",
      "name": "storage",
      "provider": "provider[\"registry.terraform.io/hashicorp/azurerm\"]",
      "instances": [
        {
          "schema_version": 3,
          "attributes": {
            "access_tier": "Hot",
            "account_kind": "FileStorage",
            "account_replication_type": "LRS",
            "account_tier": "Premium",
            "allow_nested_items_to_be_public": false,
            "allowed_copy_scope": "",
            "azure_files_authentication": [],
            "blob_properties": null,
            "cross_tenant_replication_enabled": true,
            "custom_domain": [],
            "customer_managed_key": [],
            "default_to_oauth_authentication": false,
            "edge_zone": "",
            "enable_https_traffic_only": true,
            "id": "/subscriptions/b437f37b-b750-489e-bc55-43044286f6e1/resourceGroups/afs-resize-terraform/providers/Microsoft.Storage/storageAccounts/azpoeafsterraform",
            "identity": [],
            "immutability_policy": [],
            "infrastructure_encryption_enabled": false,
            "is_hns_enabled": false,
            "large_file_share_enabled": true,
            "location": "eastus",
            "min_tls_version": "TLS1_2",
            "name": "azpoeafsterraform",
            "network_rules": [
              {
                "bypass": [
                  "AzureServices"
                ],
                "default_action": "Allow",
                "ip_rules": [],
                "private_link_access": [],
                "virtual_network_subnet_ids": []
              }
            ],
            "nfsv3_enabled": false,
            "primary_access_key": "OfY88fhDQ4U3C0D7Ja1LDhvwwlANNBRoHJVehSLwDhtsrRj3nm3NzGoX2oteD18tg4kEcV//LTN9+ASteMJDrA==",
            "primary_blob_connection_string": "DefaultEndpointsProtocol=https;BlobEndpoint=;AccountName=azpoeafsterraform;AccountKey=OfY88fhDQ4U3C0D7Ja1LDhvwwlANNBRoHJVehSLwDhtsrRj3nm3NzGoX2oteD18tg4kEcV//LTN9+ASteMJDrA==",
            "primary_blob_endpoint": "",
            "primary_blob_host": "",
            "primary_connection_string": "DefaultEndpointsProtocol=https;AccountName=azpoeafsterraform;AccountKey=OfY88fhDQ4U3C0D7Ja1LDhvwwlANNBRoHJVehSLwDhtsrRj3nm3NzGoX2oteD18tg4kEcV//LTN9+ASteMJDrA==;EndpointSuffix=core.windows.net",
            "primary_dfs_endpoint": "",
            "primary_dfs_host": "",
            "primary_file_endpoint": "https://azpoeafsterraform.file.core.windows.net/",
            "primary_file_host": "azpoeafsterraform.file.core.windows.net",
            "primary_location": "eastus",
            "primary_queue_endpoint": "",
            "primary_queue_host": "",
            "primary_table_endpoint": "",
            "primary_table_host": "",
            "primary_web_endpoint": "",
            "primary_web_host": "",
            "public_network_access_enabled": true,
            "queue_encryption_key_type": "Service",
            "queue_properties": null,
            "resource_group_name": "afs-resize-terraform",
            "routing": [],
            "sas_policy": [],
            "secondary_access_key": "zLbTndT6NcYxxejcse/3KD45QvTGwcDHksbMi9ExO+gPe5somAnoFY6qCwL4hgUAfMy8uccgQp0L+AStzETVfA==",
            "secondary_blob_connection_string": "",
            "secondary_blob_endpoint": null,
            "secondary_blob_host": null,
            "secondary_connection_string": "DefaultEndpointsProtocol=https;AccountName=azpoeafsterraform;AccountKey=zLbTndT6NcYxxejcse/3KD45QvTGwcDHksbMi9ExO+gPe5somAnoFY6qCwL4hgUAfMy8uccgQp0L+AStzETVfA==;EndpointSuffix=core.windows.net",
            "secondary_dfs_endpoint": null,
            "secondary_dfs_host": null,
            "secondary_file_endpoint": null,
            "secondary_file_host": null,
            "secondary_location": "",
            "secondary_queue_endpoint": null,
            "secondary_queue_host": null,
            "secondary_table_endpoint": null,
            "secondary_table_host": null,
            "secondary_web_endpoint": null,
            "secondary_web_host": null,
            "sftp_enabled": false,
            "share_properties": [
              {
                "cors_rule": [],
                "retention_policy": [
                  {
                    "days": 7
                  }
                ],
                "smb": [
                  {
                    "authentication_types": [],
                    "channel_encryption_type": [],
                    "kerberos_ticket_encryption_type": [],
                    "multichannel_enabled": false,
                    "versions": []
                  }
                ]
              }
            ],
            "shared_access_key_enabled": true,
            "static_website": [],
            "table_encryption_key_type": "Service",
            "tags": null,
            "timeouts": null
          },
          "sensitive_attributes": [
            [
              {
                "type": "get_attr",
                "value": "primary_access_key"
              }
            ],
            [
              {
                "type": "get_attr",
                "value": "secondary_blob_connection_string"
              }
            ],
            [
              {
                "type": "get_attr",
                "value": "primary_blob_connection_string"
              }
            ],
            [
              {
                "type": "get_attr",
                "value": "primary_connection_string"
              }
            ],
            [
              {
                "type": "get_attr",
                "value": "secondary_access_key"
              }
            ],
            [
              {
                "type": "get_attr",
                "value": "secondary_connection_string"
              }
            ]
          ],
          "private": "eyJlMmJmYjczMC1lY2FhLTExZTYtOGY4OC0zNDM2M2JjN2M0YzAiOnsiY3JlYXRlIjozNjAwMDAwMDAwMDAwLCJkZWxldGUiOjM2MDAwMDAwMDAwMDAsInJlYWQiOjMwMDAwMDAwMDAwMCwidXBkYXRlIjozNjAwMDAwMDAwMDAwfSwic2NoZW1hX3ZlcnNpb24iOiIzIn0=",
          "dependencies": [
            "module.createvmafs.data.azurerm_resource_group.rg"
          ]
        }
      ]
    },
    {
      "module": "module.createvmafs[\"azpoe-afs-vm\"]",
      "mode": "managed",
      "type": "azurerm_storage_share",
      "name": "FSShare",
      "provider": "provider[\"registry.terraform.io/hashicorp/azurerm\"]",
      "instances": [
        {
          "schema_version": 2,
          "attributes": {
            "access_tier": "Premium",
            "acl": [],
            "enabled_protocol": "SMB",
            "id": "https://azpoeafsterraform.file.core.windows.net/vol-install-azpoe",
            "metadata": {},
            "name": "vol-install-azpoe",
            "quota": 100,
            "resource_manager_id": "/subscriptions/b437f37b-b750-489e-bc55-43044286f6e1/resourceGroups/afs-resize-terraform/providers/Microsoft.Storage/storageAccounts/azpoeafsterraform/fileServices/default/fileshares/vol-install-azpoe",
            "storage_account_name": "azpoeafsterraform",
            "timeouts": null,
            "url": "https://azpoeafsterraform.file.core.windows.net/vol-install-azpoe"
          },
          "sensitive_attributes": [],
          "private": "eyJlMmJmYjczMC1lY2FhLTExZTYtOGY4OC0zNDM2M2JjN2M0YzAiOnsiY3JlYXRlIjoxODAwMDAwMDAwMDAwLCJkZWxldGUiOjE4MDAwMDAwMDAwMDAsInJlYWQiOjMwMDAwMDAwMDAwMCwidXBkYXRlIjoxODAwMDAwMDAwMDAwfSwic2NoZW1hX3ZlcnNpb24iOiIyIn0=",
          "dependencies": [
            "module.createvmafs.azurerm_storage_account.storage",
            "module.createvmafs.data.azurerm_resource_group.rg"
          ]
        }
      ]
    },
    {
      "module": "module.createvmafs[\"azpoe-afs-vm\"]",
      "mode": "managed",
      "type": "azurerm_subnet",
      "name": "subnet",
      "provider": "provider[\"registry.terraform.io/hashicorp/azurerm\"]",
      "instances": [
        {
          "schema_version": 0,
          "attributes": {
            "address_prefixes": [
              "10.0.1.0/24"
            ],
            "delegation": [],
            "enforce_private_link_endpoint_network_policies": false,
            "enforce_private_link_service_network_policies": false,
            "id": "/subscriptions/b437f37b-b750-489e-bc55-43044286f6e1/resourceGroups/afs-resize-terraform/providers/Microsoft.Network/virtualNetworks/azpoe-afs-vnet-vnet/subnets/azpoe-afs-subnet-subnet",
            "name": "azpoe-afs-subnet-subnet",
            "private_endpoint_network_policies_enabled": true,
            "private_link_service_network_policies_enabled": true,
            "resource_group_name": "afs-resize-terraform",
            "service_endpoint_policy_ids": null,
            "service_endpoints": null,
            "timeouts": null,
            "virtual_network_name": "azpoe-afs-vnet-vnet"
          },
          "sensitive_attributes": [],
          "private": "eyJlMmJmYjczMC1lY2FhLTExZTYtOGY4OC0zNDM2M2JjN2M0YzAiOnsiY3JlYXRlIjoxODAwMDAwMDAwMDAwLCJkZWxldGUiOjE4MDAwMDAwMDAwMDAsInJlYWQiOjMwMDAwMDAwMDAwMCwidXBkYXRlIjoxODAwMDAwMDAwMDAwfX0=",
          "dependencies": [
            "module.createvmafs.azurerm_virtual_network.vnet",
            "module.createvmafs.data.azurerm_resource_group.rg"
          ]
        }
      ]
    },
    {
      "module": "module.createvmafs[\"azpoe-afs-vm\"]",
      "mode": "managed",
      "type": "azurerm_virtual_network",
      "name": "vnet",
      "provider": "provider[\"registry.terraform.io/hashicorp/azurerm\"]",
      "instances": [
        {
          "schema_version": 0,
          "attributes": {
            "address_space": [
              "10.0.0.0/16"
            ],
            "bgp_community": "",
            "ddos_protection_plan": [],
            "dns_servers": [],
            "edge_zone": "",
            "flow_timeout_in_minutes": 0,
            "guid": "966a71a3-9b2f-4863-aa50-fd0b23b2a18b",
            "id": "/subscriptions/b437f37b-b750-489e-bc55-43044286f6e1/resourceGroups/afs-resize-terraform/providers/Microsoft.Network/virtualNetworks/azpoe-afs-vnet-vnet",
            "location": "eastus",
            "name": "azpoe-afs-vnet-vnet",
            "resource_group_name": "afs-resize-terraform",
            "subnet": [],
            "tags": null,
            "timeouts": null
          },
          "sensitive_attributes": [],
          "private": "eyJlMmJmYjczMC1lY2FhLTExZTYtOGY4OC0zNDM2M2JjN2M0YzAiOnsiY3JlYXRlIjoxODAwMDAwMDAwMDAwLCJkZWxldGUiOjE4MDAwMDAwMDAwMDAsInJlYWQiOjMwMDAwMDAwMDAwMCwidXBkYXRlIjoxODAwMDAwMDAwMDAwfX0=",
          "dependencies": [
            "module.createvmafs.data.azurerm_resource_group.rg"
          ]
        }
      ]
    },
    {
      "module": "module.createvmafs[\"azpoe-afs-vm\"]",
      "mode": "managed",
      "type": "azurerm_windows_virtual_machine",
      "name": "vm",
      "provider": "provider[\"registry.terraform.io/hashicorp/azurerm\"]",
      "instances": [
        {
          "schema_version": 0,
          "attributes": {
            "additional_capabilities": [],
            "additional_unattend_content": [],
            "admin_password": "P@$$w0rd1234!",
            "admin_username": "adminuser",
            "allow_extension_operations": true,
            "availability_set_id": "",
            "boot_diagnostics": [],
            "capacity_reservation_group_id": "",
            "computer_name": "azpoe-afs-vm",
            "custom_data": null,
            "dedicated_host_group_id": "",
            "dedicated_host_id": "",
            "edge_zone": "",
            "enable_automatic_updates": true,
            "encryption_at_host_enabled": false,
            "eviction_policy": "",
            "extensions_time_budget": "PT1H30M",
            "gallery_application": [],
            "hotpatching_enabled": false,
            "id": "/subscriptions/b437f37b-b750-489e-bc55-43044286f6e1/resourceGroups/afs-resize-terraform/providers/Microsoft.Compute/virtualMachines/azpoe-afs-vm",
            "identity": [],
            "license_type": "Windows_Server",
            "location": "eastus",
            "max_bid_price": -1,
            "name": "azpoe-afs-vm",
            "network_interface_ids": [
              "/subscriptions/b437f37b-b750-489e-bc55-43044286f6e1/resourceGroups/afs-resize-terraform/providers/Microsoft.Network/networkInterfaces/azpoe-afs-nic-nic"
            ],
            "os_disk": [
              {
                "caching": "ReadWrite",
                "diff_disk_settings": [],
                "disk_encryption_set_id": "",
                "disk_size_gb": 127,
                "name": "azpoe-afs-vm_OsDisk_1_227da4afe0a6460289f5ed70c0b658b7",
                "secure_vm_disk_encryption_set_id": "",
                "security_encryption_type": "",
                "storage_account_type": "Standard_LRS",
                "write_accelerator_enabled": false
              }
            ],
            "patch_assessment_mode": "ImageDefault",
            "patch_mode": "AutomaticByOS",
            "plan": [],
            "platform_fault_domain": -1,
            "priority": "Regular",
            "private_ip_address": "10.0.1.4",
            "private_ip_addresses": [
              "10.0.1.4"
            ],
            "provision_vm_agent": true,
            "proximity_placement_group_id": "",
            "public_ip_address": "172.210.35.99",
            "public_ip_addresses": [
              "172.210.35.99"
            ],
            "resource_group_name": "afs-resize-terraform",
            "secret": [],
            "secure_boot_enabled": false,
            "size": "Standard_F2",
            "source_image_id": "",
            "source_image_reference": [
              {
                "offer": "WindowsServer",
                "publisher": "MicrosoftWindowsServer",
                "sku": "2016-Datacenter",
                "version": "latest"
              }
            ],
            "tags": null,
            "termination_notification": null,
            "timeouts": null,
            "timezone": "",
            "user_data": "",
            "virtual_machine_id": "9d438e6e-4e17-457b-92ff-84bf91748181",
            "virtual_machine_scale_set_id": "",
            "vtpm_enabled": false,
            "winrm_listener": [],
            "zone": "1"
          },
          "sensitive_attributes": [
            [
              {
                "type": "get_attr",
                "value": "custom_data"
              }
            ],
            [
              {
                "type": "get_attr",
                "value": "admin_password"
              }
            ]
          ],
          "private": "eyJlMmJmYjczMC1lY2FhLTExZTYtOGY4OC0zNDM2M2JjN2M0YzAiOnsiY3JlYXRlIjoyNzAwMDAwMDAwMDAwLCJkZWxldGUiOjI3MDAwMDAwMDAwMDAsInJlYWQiOjMwMDAwMDAwMDAwMCwidXBkYXRlIjoyNzAwMDAwMDAwMDAwfX0=",
          "dependencies": [
            "module.createvmafs.azurerm_network_interface.nic",
            "module.createvmafs.azurerm_public_ip.public_ip",
            "module.createvmafs.azurerm_subnet.subnet",
            "module.createvmafs.azurerm_virtual_network.vnet",
            "module.createvmafs.data.azurerm_resource_group.rg"
          ]
        }
      ]
    }
  ],
  "check_results": null
}
